// !$*UTF8*$!
{
	archiveVersion = 1;
	classes = {
	};
	objectVersion = 56;
	objects = {

/* Begin PBXBuildFile section */
		8883F0F72AF69CA2000B0ABD /* AppDelegate.swift in Sources */ = {isa = PBXBuildFile; fileRef = 8883F0F62AF69CA2000B0ABD /* AppDelegate.swift */; };
		8883F0F92AF69CA2000B0ABD /* SceneDelegate.swift in Sources */ = {isa = PBXBuildFile; fileRef = 8883F0F82AF69CA2000B0ABD /* SceneDelegate.swift */; };
		8883F0FB2AF69CA2000B0ABD /* LoginViewController.swift in Sources */ = {isa = PBXBuildFile; fileRef = 8883F0FA2AF69CA2000B0ABD /* LoginViewController.swift */; };
		8883F1002AF69CA5000B0ABD /* Assets.xcassets in Resources */ = {isa = PBXBuildFile; fileRef = 8883F0FF2AF69CA5000B0ABD /* Assets.xcassets */; };
		8883F1032AF69CA5000B0ABD /* LaunchScreen.storyboard in Resources */ = {isa = PBXBuildFile; fileRef = 8883F1012AF69CA5000B0ABD /* LaunchScreen.storyboard */; };
		8883F10B2AF6A647000B0ABD /* NoteListViewController.swift in Sources */ = {isa = PBXBuildFile; fileRef = 8883F10A2AF6A647000B0ABD /* NoteListViewController.swift */; };
		8883F10D2AF6A666000B0ABD /* AddNoteViewController.swift in Sources */ = {isa = PBXBuildFile; fileRef = 8883F10C2AF6A666000B0ABD /* AddNoteViewController.swift */; };
		8883F10F2AF6A682000B0ABD /* NoteDetailsViewController.swift in Sources */ = {isa = PBXBuildFile; fileRef = 8883F10E2AF6A682000B0ABD /* NoteDetailsViewController.swift */; };
		8883F1112AF6A6AE000B0ABD /* Note.swift in Sources */ = {isa = PBXBuildFile; fileRef = 8883F1102AF6A6AE000B0ABD /* Note.swift */; };
		8883F1132AF6A73D000B0ABD /* NotesCell.swift in Sources */ = {isa = PBXBuildFile; fileRef = 8883F1122AF6A73D000B0ABD /* NotesCell.swift */; };
/* End PBXBuildFile section */

/* Begin PBXFileReference section */
		8883F0F32AF69CA2000B0ABD /* DataPersistenceTask.app */ = {isa = PBXFileReference; explicitFileType = wrapper.application; includeInIndex = 0; path = DataPersistenceTask.app; sourceTree = BUILT_PRODUCTS_DIR; };
		8883F0F62AF69CA2000B0ABD /* AppDelegate.swift */ = {isa = PBXFileReference; lastKnownFileType = sourcecode.swift; path = AppDelegate.swift; sourceTree = "<group>"; };
		8883F0F82AF69CA2000B0ABD /* SceneDelegate.swift */ = {isa = PBXFileReference; lastKnownFileType = sourcecode.swift; path = SceneDelegate.swift; sourceTree = "<group>"; };
		8883F0FA2AF69CA2000B0ABD /* LoginViewController.swift */ = {isa = PBXFileReference; lastKnownFileType = sourcecode.swift; path = LoginViewController.swift; sourceTree = "<group>"; };
		8883F0FF2AF69CA5000B0ABD /* Assets.xcassets */ = {isa = PBXFileReference; lastKnownFileType = folder.assetcatalog; path = Assets.xcassets; sourceTree = "<group>"; };
		8883F1022AF69CA5000B0ABD /* Base */ = {isa = PBXFileReference; lastKnownFileType = file.storyboard; name = Base; path = Base.lproj/LaunchScreen.storyboard; sourceTree = "<group>"; };
		8883F1042AF69CA5000B0ABD /* Info.plist */ = {isa = PBXFileReference; lastKnownFileType = text.plist.xml; path = Info.plist; sourceTree = "<group>"; };
		8883F10A2AF6A647000B0ABD /* NoteListViewController.swift */ = {isa = PBXFileReference; lastKnownFileType = sourcecode.swift; path = NoteListViewController.swift; sourceTree = "<group>"; };
		8883F10C2AF6A666000B0ABD /* AddNoteViewController.swift */ = {isa = PBXFileReference; lastKnownFileType = sourcecode.swift; path = AddNoteViewController.swift; sourceTree = "<group>"; };
		8883F10E2AF6A682000B0ABD /* NoteDetailsViewController.swift */ = {isa = PBXFileReference; lastKnownFileType = sourcecode.swift; path = NoteDetailsViewController.swift; sourceTree = "<group>"; };
		8883F1102AF6A6AE000B0ABD /* Note.swift */ = {isa = PBXFileReference; lastKnownFileType = sourcecode.swift; path = Note.swift; sourceTree = "<group>"; };
		8883F1122AF6A73D000B0ABD /* NotesCell.swift */ = {isa = PBXFileReference; lastKnownFileType = sourcecode.swift; path = NotesCell.swift; sourceTree = "<group>"; };
/* End PBXFileReference section */

/* Begin PBXFrameworksBuildPhase section */
		8883F0F02AF69CA2000B0ABD /* Frameworks */ = {
			isa = PBXFrameworksBuildPhase;
			buildActionMask = 2147483647;
			files = (
			);
			runOnlyForDeploymentPostprocessing = 0;
		};
/* End PBXFrameworksBuildPhase section */

/* Begin PBXGroup section */
		8883F0EA2AF69CA2000B0ABD = {
			isa = PBXGroup;
			children = (
				8883F0F52AF69CA2000B0ABD /* DataPersistenceTask */,
				8883F0F42AF69CA2000B0ABD /* Products */,
			);
			sourceTree = "<group>";
		};
		8883F0F42AF69CA2000B0ABD /* Products */ = {
			isa = PBXGroup;
			children = (
				8883F0F32AF69CA2000B0ABD /* DataPersistenceTask.app */,
			);
			name = Products;
			sourceTree = "<group>";
		};
		8883F0F52AF69CA2000B0ABD /* DataPersistenceTask */ = {
			isa = PBXGroup;
			children = (
				8883F0F62AF69CA2000B0ABD /* AppDelegate.swift */,
				8883F0F82AF69CA2000B0ABD /* SceneDelegate.swift */,
				8883F0FA2AF69CA2000B0ABD /* LoginViewController.swift */,
				8883F10A2AF6A647000B0ABD /* NoteListViewController.swift */,
				8883F10E2AF6A682000B0ABD /* NoteDetailsViewController.swift */,
				8883F1102AF6A6AE000B0ABD /* Note.swift */,
				8883F1122AF6A73D000B0ABD /* NotesCell.swift */,
				8883F10C2AF6A666000B0ABD /* AddNoteViewController.swift */,
				8883F0FF2AF69CA5000B0ABD /* Assets.xcassets */,
				8883F1012AF69CA5000B0ABD /* LaunchScreen.storyboard */,
				8883F1042AF69CA5000B0ABD /* Info.plist */,
			);
			path = DataPersistenceTask;
			sourceTree = "<group>";
		};
/* End PBXGroup section */

/* Begin PBXNativeTarget section */
		8883F0F22AF69CA2000B0ABD /* DataPersistenceTask */ = {
			isa = PBXNativeTarget;
			buildConfigurationList = 8883F1072AF69CA6000B0ABD /* Build configuration list for PBXNativeTarget "DataPersistenceTask" */;
			buildPhases = (
				8883F0EF2AF69CA2000B0ABD /* Sources */,
				8883F0F02AF69CA2000B0ABD /* Frameworks */,
				8883F0F12AF69CA2000B0ABD /* Resources */,
			);
			buildRules = (
			);
			dependencies = (
			);
			name = DataPersistenceTask;
			productName = DataPersistenceTask;
			productReference = 8883F0F32AF69CA2000B0ABD /* DataPersistenceTask.app */;
			productType = "com.apple.product-type.application";
		};
/* End PBXNativeTarget section */

/* Begin PBXProject section */
		8883F0EB2AF69CA2000B0ABD /* Project object */ = {
			isa = PBXProject;
			attributes = {
				BuildIndependentTargetsInParallel = 1;
				LastSwiftUpdateCheck = 1500;
				LastUpgradeCheck = 1500;
				TargetAttributes = {
					8883F0F22AF69CA2000B0ABD = {
						CreatedOnToolsVersion = 15.0;
					};
				};
			};
			buildConfigurationList = 8883F0EE2AF69CA2000B0ABD /* Build configuration list for PBXProject "DataPersistenceTask" */;
			compatibilityVersion = "Xcode 14.0";
			developmentRegion = en;
			hasScannedForEncodings = 0;
			knownRegions = (
				en,
				Base,
			);
			mainGroup = 8883F0EA2AF69CA2000B0ABD;
			productRefGroup = 8883F0F42AF69CA2000B0ABD /* Products */;
			projectDirPath = "";
			projectRoot = "";
			targets = (
				8883F0F22AF69CA2000B0ABD /* DataPersistenceTask */,
			);
		};
/* End PBXProject section */

/* Begin PBXResourcesBuildPhase section */
		8883F0F12AF69CA2000B0ABD /* Resources */ = {
			isa = PBXResourcesBuildPhase;
			buildActionMask = 2147483647;
			files = (
				8883F1032AF69CA5000B0ABD /* LaunchScreen.storyboard in Resources */,
				8883F1002AF69CA5000B0ABD /* Assets.xcassets in Resources */,
			);
			runOnlyForDeploymentPostprocessing = 0;
		};
/* End PBXResourcesBuildPhase section */

/* Begin PBXSourcesBuildPhase section */
		8883F0EF2AF69CA2000B0ABD /* Sources */ = {
			isa = PBXSourcesBuildPhase;
			buildActionMask = 2147483647;
			files = (
				8883F10B2AF6A647000B0ABD /* NoteListViewController.swift in Sources */,
				8883F0FB2AF69CA2000B0ABD /* LoginViewController.swift in Sources */,
				8883F1112AF6A6AE000B0ABD /* Note.swift in Sources */,
				8883F1132AF6A73D000B0ABD /* NotesCell.swift in Sources */,
				8883F0F72AF69CA2000B0ABD /* AppDelegate.swift in Sources */,
				8883F10D2AF6A666000B0ABD /* AddNoteViewController.swift in Sources */,
				8883F0F92AF69CA2000B0ABD /* SceneDelegate.swift in Sources */,
				8883F10F2AF6A682000B0ABD /* NoteDetailsViewController.swift in Sources */,
			);
			runOnlyForDeploymentPostprocessing = 0;
		};
/* End PBXSourcesBuildPhase section */

/* Begin PBXVariantGroup section */
		8883F1012AF69CA5000B0ABD /* LaunchScreen.storyboard */ = {
			isa = PBXVariantGroup;
			children = (
				8883F1022AF69CA5000B0ABD /* Base */,
			);
			name = LaunchScreen.storyboard;
			sourceTree = "<group>";
		};
/* End PBXVariantGroup section */

/* Begin XCBuildConfiguration section */
		8883F1052AF69CA6000B0ABD /* Debug */ = {
			isa = XCBuildConfiguration;
			buildSettings = {
				ALWAYS_SEARCH_USER_PATHS = NO;
				ASSETCATALOG_COMPILER_GENERATE_SWIFT_ASSET_SYMBOL_EXTENSIONS = YES;
				CLANG_ANALYZER_NONNULL = YES;
				CLANG_ANALYZER_NUMBER_OBJECT_CONVERSION = YES_AGGRESSIVE;
				CLANG_CXX_LANGUAGE_STANDARD = "gnu++20";
				CLANG_ENABLE_MODULES = YES;
				CLANG_ENABLE_OBJC_ARC = YES;
				CLANG_ENABLE_OBJC_WEAK = YES;
				CLANG_WARN_BLOCK_CAPTURE_AUTORELEASING = YES;
				CLANG_WARN_BOOL_CONVERSION = YES;
				CLANG_WARN_COMMA = YES;
				CLANG_WARN_CONSTANT_CONVERSION = YES;
				CLANG_WARN_DEPRECATED_OBJC_IMPLEMENTATIONS = YES;
				CLANG_WARN_DIRECT_OBJC_ISA_USAGE = YES_ERROR;
				CLANG_WARN_DOCUMENTATION_COMMENTS = YES;
				CLANG_WARN_EMPTY_BODY = YES;
				CLANG_WARN_ENUM_CONVERSION = YES;
				CLANG_WARN_INFINITE_RECURSION = YES;
				CLANG_WARN_INT_CONVERSION = YES;
				CLANG_WARN_NON_LITERAL_NULL_CONVERSION = YES;
				CLANG_WARN_OBJC_IMPLICIT_RETAIN_SELF = YES;
				CLANG_WARN_OBJC_LITERAL_CONVERSION = YES;
				CLANG_WARN_OBJC_ROOT_CLASS = YES_ERROR;
				CLANG_WARN_QUOTED_INCLUDE_IN_FRAMEWORK_HEADER = YES;
				CLANG_WARN_RANGE_LOOP_ANALYSIS = YES;
				CLANG_WARN_STRICT_PROTOTYPES = YES;
				CLANG_WARN_SUSPICIOUS_MOVE = YES;
				CLANG_WARN_UNGUARDED_AVAILABILITY = YES_AGGRESSIVE;
				CLANG_WARN_UNREACHABLE_CODE = YES;
				CLANG_WARN__DUPLICATE_METHOD_MATCH = YES;
				COPY_PHASE_STRIP = NO;
				DEBUG_INFORMATION_FORMAT = dwarf;
				ENABLE_STRICT_OBJC_MSGSEND = YES;
				ENABLE_TESTABILITY = YES;
				ENABLE_USER_SCRIPT_SANDBOXING = YES;
				GCC_C_LANGUAGE_STANDARD = gnu17;
				GCC_DYNAMIC_NO_PIC = NO;
				GCC_NO_COMMON_BLOCKS = YES;
				GCC_OPTIMIZATION_LEVEL = 0;
				GCC_PREPROCESSOR_DEFINITIONS = (
					"DEBUG=1",
					"$(inherited)",
				);
				GCC_WARN_64_TO_32_BIT_CONVERSION = YES;
				GCC_WARN_ABOUT_RETURN_TYPE = YES_ERROR;
				GCC_WARN_UNDECLARED_SELECTOR = YES;
				GCC_WARN_UNINITIALIZED_AUTOS = YES_AGGRESSIVE;
				GCC_WARN_UNUSED_FUNCTION = YES;
				GCC_WARN_UNUSED_VARIABLE = YES;
				IPHONEOS_DEPLOYMENT_TARGET = 17.0;
				LOCALIZATION_PREFERS_STRING_CATALOGS = YES;
				MTL_ENABLE_DEBUG_INFO = INCLUDE_SOURCE;
				MTL_FAST_MATH = YES;
				ONLY_ACTIVE_ARCH = YES;
				SDKROOT = iphoneos;
				SWIFT_ACTIVE_COMPILATION_CONDITIONS = "DEBUG $(inherited)";
				SWIFT_OPTIMIZATION_LEVEL = "-Onone";
			};
			name = Debug;
		};
		8883F1062AF69CA6000B0ABD /* Release */ = {
			isa = XCBuildConfiguration;
			buildSettings = {
				ALWAYS_SEARCH_USER_PATHS = NO;
				ASSETCATALOG_COMPILER_GENERATE_SWIFT_ASSET_SYMBOL_EXTENSIONS = YES;
				CLANG_ANALYZER_NONNULL = YES;
				CLANG_ANALYZER_NUMBER_OBJECT_CONVERSION = YES_AGGRESSIVE;
				CLANG_CXX_LANGUAGE_STANDARD = "gnu++20";
				CLANG_ENABLE_MODULES = YES;
				CLANG_ENABLE_OBJC_ARC = YES;
				CLANG_ENABLE_OBJC_WEAK = YES;
				CLANG_WARN_BLOCK_CAPTURE_AUTORELEASING = YES;
				CLANG_WARN_BOOL_CONVERSION = YES;
				CLANG_WARN_COMMA = YES;
				CLANG_WARN_CONSTANT_CONVERSION = YES;
				CLANG_WARN_DEPRECATED_OBJC_IMPLEMENTATIONS = YES;
				CLANG_WARN_DIRECT_OBJC_ISA_USAGE = YES_ERROR;
				CLANG_WARN_DOCUMENTATION_COMMENTS = YES;
				CLANG_WARN_EMPTY_BODY = YES;
				CLANG_WARN_ENUM_CONVERSION = YES;
				CLANG_WARN_INFINITE_RECURSION = YES;
				CLANG_WARN_INT_CONVERSION = YES;
				CLANG_WARN_NON_LITERAL_NULL_CONVERSION = YES;
				CLANG_WARN_OBJC_IMPLICIT_RETAIN_SELF = YES;
				CLANG_WARN_OBJC_LITERAL_CONVERSION = YES;
				CLANG_WARN_OBJC_ROOT_CLASS = YES_ERROR;
				CLANG_WARN_QUOTED_INCLUDE_IN_FRAMEWORK_HEADER = YES;
				CLANG_WARN_RANGE_LOOP_ANALYSIS = YES;
				CLANG_WARN_STRICT_PROTOTYPES = YES;
				CLANG_WARN_SUSPICIOUS_MOVE = YES;
				CLANG_WARN_UNGUARDED_AVAILABILITY = YES_AGGRESSIVE;
				CLANG_WARN_UNREACHABLE_CODE = YES;
				CLANG_WARN__DUPLICATE_METHOD_MATCH = YES;
				COPY_PHASE_STRIP = NO;
				DEBUG_INFORMATION_FORMAT = "dwarf-with-dsym";
				ENABLE_NS_ASSERTIONS = NO;
				ENABLE_STRICT_OBJC_MSGSEND = YES;
				ENABLE_USER_SCRIPT_SANDBOXING = YES;
				GCC_C_LANGUAGE_STANDARD = gnu17;
				GCC_NO_COMMON_BLOCKS = YES;
				GCC_WARN_64_TO_32_BIT_CONVERSION = YES;
				GCC_WARN_ABOUT_RETURN_TYPE = YES_ERROR;
				GCC_WARN_UNDECLARED_SELECTOR = YES;
				GCC_WARN_UNINITIALIZED_AUTOS = YES_AGGRESSIVE;
				GCC_WARN_UNUSED_FUNCTION = YES;
				GCC_WARN_UNUSED_VARIABLE = YES;
				IPHONEOS_DEPLOYMENT_TARGET = 17.0;
				LOCALIZATION_PREFERS_STRING_CATALOGS = YES;
				MTL_ENABLE_DEBUG_INFO = NO;
				MTL_FAST_MATH = YES;
				SDKROOT = iphoneos;
				SWIFT_COMPILATION_MODE = wholemodule;
				VALIDATE_PRODUCT = YES;
			};
			name = Release;
		};
		8883F1082AF69CA6000B0ABD /* Debug */ = {
			isa = XCBuildConfiguration;
			buildSettings = {
				ASSETCATALOG_COMPILER_APPICON_NAME = AppIcon;
				ASSETCATALOG_COMPILER_GLOBAL_ACCENT_COLOR_NAME = AccentColor;
				CODE_SIGN_STYLE = Automatic;
				CURRENT_PROJECT_VERSION = 1;
				GENERATE_INFOPLIST_FILE = YES;
				INFOPLIST_FILE = DataPersistenceTask/Info.plist;
				INFOPLIST_KEY_UIApplicationSupportsIndirectInputEvents = YES;
				INFOPLIST_KEY_UILaunchStoryboardName = LaunchScreen;
				INFOPLIST_KEY_UIMainStoryboardFile = "";
				INFOPLIST_KEY_UISupportedInterfaceOrientations_iPad = "UIInterfaceOrientationPortrait UIInterfaceOrientationPortraitUpsideDown UIInterfaceOrientationLandscapeLeft UIInterfaceOrientationLandscapeRight";
				INFOPLIST_KEY_UISupportedInterfaceOrientations_iPhone = "UIInterfaceOrientationPortrait UIInterfaceOrientationLandscapeLeft UIInterfaceOrientationLandscapeRight";
				LD_RUNPATH_SEARCH_PATHS = (
					"$(inherited)",
					"@executable_path/Frameworks",
				);
				MARKETING_VERSION = 1.0;
				PRODUCT_BUNDLE_IDENTIFIER = test.test.DataPersistenceTask;
				PRODUCT_NAME = "$(TARGET_NAME)";
				SWIFT_EMIT_LOC_STRINGS = YES;
				SWIFT_VERSION = 5.0;
				TARGETED_DEVICE_FAMILY = "1,2";
			};
			name = Debug;
		};
		8883F1092AF69CA6000B0ABD /* Release */ = {
			isa = XCBuildConfiguration;
			buildSettings = {
				ASSETCATALOG_COMPILER_APPICON_NAME = AppIcon;
				ASSETCATALOG_COMPILER_GLOBAL_ACCENT_COLOR_NAME = AccentColor;
				CODE_SIGN_STYLE = Automatic;
				CURRENT_PROJECT_VERSION = 1;
				GENERATE_INFOPLIST_FILE = YES;
				INFOPLIST_FILE = DataPersistenceTask/Info.plist;
				INFOPLIST_KEY_UIApplicationSupportsIndirectInputEvents = YES;
				INFOPLIST_KEY_UILaunchStoryboardName = LaunchScreen;
				INFOPLIST_KEY_UIMainStoryboardFile = "";
				INFOPLIST_KEY_UISupportedInterfaceOrientations_iPad = "UIInterfaceOrientationPortrait UIInterfaceOrientationPortraitUpsideDown UIInterfaceOrientationLandscapeLeft UIInterfaceOrientationLandscapeRight";
				INFOPLIST_KEY_UISupportedInterfaceOrientations_iPhone = "UIInterfaceOrientationPortrait UIInterfaceOrientationLandscapeLeft UIInterfaceOrientationLandscapeRight";
				LD_RUNPATH_SEARCH_PATHS = (
					"$(inherited)",
					"@executable_path/Frameworks",
				);
				MARKETING_VERSION = 1.0;
				PRODUCT_BUNDLE_IDENTIFIER = test.test.DataPersistenceTask;
				PRODUCT_NAME = "$(TARGET_NAME)";
				SWIFT_EMIT_LOC_STRINGS = YES;
				SWIFT_VERSION = 5.0;
				TARGETED_DEVICE_FAMILY = "1,2";
			};
			name = Release;
		};
/* End XCBuildConfiguration section */

/* Begin XCConfigurationList section */
		8883F0EE2AF69CA2000B0ABD /* Build configuration list for PBXProject "DataPersistenceTask" */ = {
			isa = XCConfigurationList;
			buildConfigurations = (
				8883F1052AF69CA6000B0ABD /* Debug */,
				8883F1062AF69CA6000B0ABD /* Release */,
			);
			defaultConfigurationIsVisible = 0;
			defaultConfigurationName = Release;
		};
		8883F1072AF69CA6000B0ABD /* Build configuration list for PBXNativeTarget "DataPersistenceTask" */ = {
			isa = XCConfigurationList;
			buildConfigurations = (
				8883F1082AF69CA6000B0ABD /* Debug */,
				8883F1092AF69CA6000B0ABD /* Release */,
			);
			defaultConfigurationIsVisible = 0;
			defaultConfigurationName = Release;
		};
/* End XCConfigurationList section */
	};
	rootObject = 8883F0EB2AF69CA2000B0ABD /* Project object */;
}
